{
    "_readme": [
        "This file locks the dependencies of your project to a known state",
        "Read more about it at https://getcomposer.org/doc/01-basic-usage.md#composer-lock-the-lock-file",
        "This file is @generated automatically"
    ],
    "hash": "41b9d5c3ebb56ec6103c12de71f657d8",
    "packages": [
        {
            "name": "bragento/magento-composer-installer",
            "version": "1.1.1",
            "source": {
                "type": "git",
                "url": "https://github.com/bragento/bragento-composer-installer.git",
                "reference": "e185d188425238a2d078bd79f9116a3926a75673"
            },
            "dist": {
                "type": "zip",
                "url": "https://api.github.com/repos/bragento/bragento-composer-installer/zipball/e185d188425238a2d078bd79f9116a3926a75673",
                "reference": "e185d188425238a2d078bd79f9116a3926a75673",
                "shasum": ""
            },
            "require": {
                "composer-plugin-api": "~1",
                "symfony/filesystem": "~2"
            },
            "replace": {
                "magento-hackathon/magento-composer-installer": "*"
            },
            "require-dev": {
                "codeclimate/php-test-reporter": "*",
                "composer/composer": "*@dev",
                "mikey179/vfsstream": "*",
                "phpunit/phpunit": "*"
            },
            "type": "composer-plugin",
            "extra": {
                "class": "Bragento\\Magento\\Composer\\Installer\\Plugin",
                "branch-alias": {
                    "dev-develop": "1.2.x-dev"
                }
            },
            "autoload": {
                "psr-4": {
                    "Bragento\\Magento\\Composer\\Installer\\": "src"
                }
            },
            "notification-url": "https://packagist.org/downloads/",
            "license": [
                "OSL-3.0"
            ],
            "authors": [
                {
                    "name": "David Verholen",
                    "email": "david.verholen@brandung.de",
                    "homepage": "http://www.agentur-brandung.de"
                }
            ],
            "description": "Composer installer for Magento modules",
            "homepage": "https://github.com/bragento/bragento-composer-installer",
            "keywords": [
                "bragento",
                "brandung",
                "composer",
                "installer",
                "magento"
            ],
            "time": "2015-02-28 14:42:03"
        },
        {
            "name": "colinmollenhour/modman",
            "version": "1.10",
            "source": {
                "type": "git",
                "url": "https://github.com/colinmollenhour/modman.git",
                "reference": "df531dd29f10e9b0611763eb6d96a8417eef43d2"
            },
            "dist": {
                "type": "zip",
                "url": "https://api.github.com/repos/colinmollenhour/modman/zipball/df531dd29f10e9b0611763eb6d96a8417eef43d2",
                "reference": "df531dd29f10e9b0611763eb6d96a8417eef43d2",
                "shasum": ""
            },
            "bin": [
                "modman"
            ],
            "type": "library",
            "license": [
                "Apache-2.0"
            ],
            "authors": [
                {
                    "name": "Colin Mollenhour"
                }
            ],
            "description": "Module Manager",
            "homepage": "https://github.com/colinmollenhour/modman",
            "support": {
                "source": "https://github.com/colinmollenhour/modman/tree/1.10",
                "issues": "https://github.com/colinmollenhour/modman/issues"
            },
            "time": "2014-12-29 22:16:51"
        },
        {
            "name": "magento/core",
            "version": "1.9.1.1-patch1",
            "source": {
                "type": "git",
                "url": "https://github.com/bragento/magento-core.git",
                "reference": "6c31124a7acdf3f0c1e20d5ffe5ce5fcc4f205fb"
            },
            "dist": {
                "type": "zip",
                "url": "https://api.github.com/repos/bragento/magento-core/zipball/6c31124a7acdf3f0c1e20d5ffe5ce5fcc4f205fb",
                "reference": "6c31124a7acdf3f0c1e20d5ffe5ce5fcc4f205fb",
                "shasum": ""
            },
            "type": "magento-core",
            "extra": {
                "map": [
                    [
                        "app",
                        "app"
                    ],
                    [
                        "downloader",
                        "downloader"
                    ],
                    [
                        "errors",
                        "errors"
                    ],
                    [
                        "includes",
                        "includes"
                    ],
                    [
                        "js",
                        "js"
                    ],
                    [
                        "lib",
                        "lib"
                    ],
                    [
                        "media",
                        "media"
                    ],
                    [
                        "pkginfo",
                        "pkginfo"
                    ],
                    [
                        "shell",
                        "shell"
                    ],
                    [
                        "skin",
                        "skin"
                    ],
                    [
                        "var",
                        "var"
                    ],
                    [
                        ".htaccess",
                        ".htaccess"
                    ],
                    [
                        "api.php",
                        "api.php"
                    ],
                    [
                        "cron.php",
                        "cron.php"
                    ],
                    [
                        "cron.sh",
                        "cron.sh"
                    ],
                    [
                        "favicon.ico",
                        "favicon.ico"
                    ],
                    [
                        "get.php",
                        "get.php"
                    ],
                    [
                        "index.php",
                        "index.php"
                    ],
                    [
                        "install.php",
                        "install.php"
                    ],
                    [
                        "mage",
                        "mage"
                    ]
                ]
            },
            "license": [
                "OSL-3.0"
            ],
            "description": "Magento Core",
            "homepage": "http://www.magentocommerce.com",
            "support": {
                "source": "https://github.com/bragento/magento-core/tree/1.9.1.1-patch1",
                "issues": "https://github.com/bragento/magento-core/issues"
            },
            "time": "2015-05-15 08:14:35"
        },
        {
            "name": "reactjs/react-php-v8js",
            "version": "dev-master",
            "source": {
                "type": "git",
                "url": "https://github.com/reactjs/react-php-v8js.git",
                "reference": "6bfbf166cdca7c6ef640ceb450d8ecc59ed2aeba"
            },
            "dist": {
                "type": "zip",
                "url": "https://api.github.com/repos/reactjs/react-php-v8js/zipball/6bfbf166cdca7c6ef640ceb450d8ecc59ed2aeba",
                "reference": "6bfbf166cdca7c6ef640ceb450d8ecc59ed2aeba",
                "shasum": ""
            },
            "require": {
                "ext-v8js": ">=0.1.3"
            },
            "type": "library",
            "autoload": {
                "classmap": [
                    "ReactJS.php"
                ]
            },
            "notification-url": "https://packagist.org/downloads/",
            "license": [
                "BSD-3-Clause"
            ],
            "description": "PHP library that renders React components on the server",
            "time": "2015-05-26 17:55:07"
        },
        {
            "name": "symfony/filesystem",
            "version": "v2.7.0",
            "source": {
                "type": "git",
                "url": "https://github.com/symfony/Filesystem.git",
                "reference": "ae4551fd6d4d4f51f2e7390fbc902fbd67f3b7ba"
            },
            "dist": {
                "type": "zip",
                "url": "https://api.github.com/repos/symfony/Filesystem/zipball/ae4551fd6d4d4f51f2e7390fbc902fbd67f3b7ba",
                "reference": "ae4551fd6d4d4f51f2e7390fbc902fbd67f3b7ba",
                "shasum": ""
            },
            "require": {
                "php": ">=5.3.9"
            },
            "require-dev": {
                "symfony/phpunit-bridge": "~2.7"
            },
            "type": "library",
            "extra": {
                "branch-alias": {
                    "dev-master": "2.7-dev"
                }
            },
            "autoload": {
                "psr-4": {
                    "Symfony\\Component\\Filesystem\\": ""
                }
            },
            "notification-url": "https://packagist.org/downloads/",
            "license": [
                "MIT"
            ],
            "authors": [
                {
                    "name": "Fabien Potencier",
                    "email": "fabien@symfony.com"
                },
                {
                    "name": "Symfony Community",
                    "homepage": "https://symfony.com/contributors"
                }
            ],
            "description": "Symfony Filesystem Component",
            "homepage": "https://symfony.com",
            "time": "2015-05-15 13:33:16"
        }
    ],
    "packages-dev": [],
    "aliases": [],
    "minimum-stability": "dev",
    "stability-flags": {
        "reactjs/react-php-v8js": 20
    },
    "prefer-stable": false,
    "prefer-lowest": false,
    "platform": [],
    "platform-dev": []
}
